// !$*UTF8*$!
{
	archiveVersion = 1;
	classes = {
	};
	objectVersion = 55;
	objects = {

/* Begin PBXBuildFile section */
		9744333828A215FA000A4196 /* AppDelegate.swift in Sources */ = {isa = PBXBuildFile; fileRef = 9744333728A215FA000A4196 /* AppDelegate.swift */; };
		9744333A28A215FA000A4196 /* SceneDelegate.swift in Sources */ = {isa = PBXBuildFile; fileRef = 9744333928A215FA000A4196 /* SceneDelegate.swift */; };
		9744333C28A215FA000A4196 /* AuthViewController.swift in Sources */ = {isa = PBXBuildFile; fileRef = 9744333B28A215FA000A4196 /* AuthViewController.swift */; };
		9744334128A215FB000A4196 /* Assets.xcassets in Resources */ = {isa = PBXBuildFile; fileRef = 9744334028A215FB000A4196 /* Assets.xcassets */; };
		9744334428A215FB000A4196 /* LaunchScreen.storyboard in Resources */ = {isa = PBXBuildFile; fileRef = 9744334228A215FB000A4196 /* LaunchScreen.storyboard */; };
		9744335028A21F9A000A4196 /* UIButton+Extension.swift in Sources */ = {isa = PBXBuildFile; fileRef = 9744334F28A21F9A000A4196 /* UIButton+Extension.swift */; };
		9744335228A221DB000A4196 /* UIFont+Extension.swift in Sources */ = {isa = PBXBuildFile; fileRef = 9744335128A221DB000A4196 /* UIFont+Extension.swift */; };
		9744335428A223BB000A4196 /* UIColor+Extension.swift in Sources */ = {isa = PBXBuildFile; fileRef = 9744335328A223BB000A4196 /* UIColor+Extension.swift */; };
		9744335628A2268A000A4196 /* UILabel+Extension.swift in Sources */ = {isa = PBXBuildFile; fileRef = 9744335528A2268A000A4196 /* UILabel+Extension.swift */; };
		9744335828A22774000A4196 /* UIImageView+Extension.swift in Sources */ = {isa = PBXBuildFile; fileRef = 9744335728A22774000A4196 /* UIImageView+Extension.swift */; };
		9744335A28A22F1D000A4196 /* ButtonFormView.swift in Sources */ = {isa = PBXBuildFile; fileRef = 9744335928A22F1D000A4196 /* ButtonFormView.swift */; };
		9744335C28A234EF000A4196 /* StackView+extension.swift in Sources */ = {isa = PBXBuildFile; fileRef = 9744335B28A234EF000A4196 /* StackView+extension.swift */; };
		9744335E28A239D3000A4196 /* SignUpViewController.swift in Sources */ = {isa = PBXBuildFile; fileRef = 9744335D28A239D3000A4196 /* SignUpViewController.swift */; };
		9744336128A23D49000A4196 /* OneLineTextField.swift in Sources */ = {isa = PBXBuildFile; fileRef = 9744336028A23D49000A4196 /* OneLineTextField.swift */; };
		9744336328A25AC6000A4196 /* LoginViewController.swift in Sources */ = {isa = PBXBuildFile; fileRef = 9744336228A25AC6000A4196 /* LoginViewController.swift */; };
		9744336528A26295000A4196 /* SetUpProfileViewController.swift in Sources */ = {isa = PBXBuildFile; fileRef = 9744336428A26295000A4196 /* SetUpProfileViewController.swift */; };
		9744336728A264B5000A4196 /* PhotoView.swift in Sources */ = {isa = PBXBuildFile; fileRef = 9744336628A264B5000A4196 /* PhotoView.swift */; };
		9744336928A26FCC000A4196 /* SegmentedControll+Extension.swift in Sources */ = {isa = PBXBuildFile; fileRef = 9744336828A26FCC000A4196 /* SegmentedControll+Extension.swift */; };
		9744336B28A27B21000A4196 /* ListViewController.swift in Sources */ = {isa = PBXBuildFile; fileRef = 9744336A28A27B21000A4196 /* ListViewController.swift */; };
		9744336E28A27FB3000A4196 /* MainTabBarController.swift in Sources */ = {isa = PBXBuildFile; fileRef = 9744336D28A27FB3000A4196 /* MainTabBarController.swift */; };
		9744337028A28013000A4196 /* PeopleViewController.swift in Sources */ = {isa = PBXBuildFile; fileRef = 9744336F28A28013000A4196 /* PeopleViewController.swift */; };
/* End PBXBuildFile section */

/* Begin PBXFileReference section */
		9744333428A215FA000A4196 /* MessengerApp.app */ = {isa = PBXFileReference; explicitFileType = wrapper.application; includeInIndex = 0; path = MessengerApp.app; sourceTree = BUILT_PRODUCTS_DIR; };
		9744333728A215FA000A4196 /* AppDelegate.swift */ = {isa = PBXFileReference; lastKnownFileType = sourcecode.swift; path = AppDelegate.swift; sourceTree = "<group>"; };
		9744333928A215FA000A4196 /* SceneDelegate.swift */ = {isa = PBXFileReference; lastKnownFileType = sourcecode.swift; path = SceneDelegate.swift; sourceTree = "<group>"; };
		9744333B28A215FA000A4196 /* AuthViewController.swift */ = {isa = PBXFileReference; lastKnownFileType = sourcecode.swift; path = AuthViewController.swift; sourceTree = "<group>"; };
		9744334028A215FB000A4196 /* Assets.xcassets */ = {isa = PBXFileReference; lastKnownFileType = folder.assetcatalog; path = Assets.xcassets; sourceTree = "<group>"; };
		9744334328A215FB000A4196 /* Base */ = {isa = PBXFileReference; lastKnownFileType = file.storyboard; name = Base; path = Base.lproj/LaunchScreen.storyboard; sourceTree = "<group>"; };
		9744334528A215FB000A4196 /* Info.plist */ = {isa = PBXFileReference; lastKnownFileType = text.plist.xml; path = Info.plist; sourceTree = "<group>"; };
		9744334F28A21F9A000A4196 /* UIButton+Extension.swift */ = {isa = PBXFileReference; lastKnownFileType = sourcecode.swift; path = "UIButton+Extension.swift"; sourceTree = "<group>"; };
		9744335128A221DB000A4196 /* UIFont+Extension.swift */ = {isa = PBXFileReference; lastKnownFileType = sourcecode.swift; path = "UIFont+Extension.swift"; sourceTree = "<group>"; };
		9744335328A223BB000A4196 /* UIColor+Extension.swift */ = {isa = PBXFileReference; lastKnownFileType = sourcecode.swift; path = "UIColor+Extension.swift"; sourceTree = "<group>"; };
		9744335528A2268A000A4196 /* UILabel+Extension.swift */ = {isa = PBXFileReference; lastKnownFileType = sourcecode.swift; path = "UILabel+Extension.swift"; sourceTree = "<group>"; };
		9744335728A22774000A4196 /* UIImageView+Extension.swift */ = {isa = PBXFileReference; lastKnownFileType = sourcecode.swift; path = "UIImageView+Extension.swift"; sourceTree = "<group>"; };
		9744335928A22F1D000A4196 /* ButtonFormView.swift */ = {isa = PBXFileReference; lastKnownFileType = sourcecode.swift; path = ButtonFormView.swift; sourceTree = "<group>"; };
		9744335B28A234EF000A4196 /* StackView+extension.swift */ = {isa = PBXFileReference; lastKnownFileType = sourcecode.swift; path = "StackView+extension.swift"; sourceTree = "<group>"; };
		9744335D28A239D3000A4196 /* SignUpViewController.swift */ = {isa = PBXFileReference; lastKnownFileType = sourcecode.swift; path = SignUpViewController.swift; sourceTree = "<group>"; };
		9744336028A23D49000A4196 /* OneLineTextField.swift */ = {isa = PBXFileReference; lastKnownFileType = sourcecode.swift; path = OneLineTextField.swift; sourceTree = "<group>"; };
		9744336228A25AC6000A4196 /* LoginViewController.swift */ = {isa = PBXFileReference; lastKnownFileType = sourcecode.swift; path = LoginViewController.swift; sourceTree = "<group>"; };
		9744336428A26295000A4196 /* SetUpProfileViewController.swift */ = {isa = PBXFileReference; lastKnownFileType = sourcecode.swift; path = SetUpProfileViewController.swift; sourceTree = "<group>"; };
		9744336628A264B5000A4196 /* PhotoView.swift */ = {isa = PBXFileReference; lastKnownFileType = sourcecode.swift; path = PhotoView.swift; sourceTree = "<group>"; };
		9744336828A26FCC000A4196 /* SegmentedControll+Extension.swift */ = {isa = PBXFileReference; lastKnownFileType = sourcecode.swift; path = "SegmentedControll+Extension.swift"; sourceTree = "<group>"; };
		9744336A28A27B21000A4196 /* ListViewController.swift */ = {isa = PBXFileReference; lastKnownFileType = sourcecode.swift; path = ListViewController.swift; sourceTree = "<group>"; };
		9744336D28A27FB3000A4196 /* MainTabBarController.swift */ = {isa = PBXFileReference; lastKnownFileType = sourcecode.swift; path = MainTabBarController.swift; sourceTree = "<group>"; };
		9744336F28A28013000A4196 /* PeopleViewController.swift */ = {isa = PBXFileReference; lastKnownFileType = sourcecode.swift; path = PeopleViewController.swift; sourceTree = "<group>"; };
/* End PBXFileReference section */

/* Begin PBXFrameworksBuildPhase section */
		9744333128A215FA000A4196 /* Frameworks */ = {
			isa = PBXFrameworksBuildPhase;
			buildActionMask = 2147483647;
			files = (
			);
			runOnlyForDeploymentPostprocessing = 0;
		};
/* End PBXFrameworksBuildPhase section */

/* Begin PBXGroup section */
		9744332B28A215FA000A4196 = {
			isa = PBXGroup;
			children = (
				9744333628A215FA000A4196 /* MessengerApp */,
				9744333528A215FA000A4196 /* Products */,
			);
			sourceTree = "<group>";
		};
		9744333528A215FA000A4196 /* Products */ = {
			isa = PBXGroup;
			children = (
				9744333428A215FA000A4196 /* MessengerApp.app */,
			);
			name = Products;
			sourceTree = "<group>";
		};
		9744333628A215FA000A4196 /* MessengerApp */ = {
			isa = PBXGroup;
			children = (
				9744336A28A27B21000A4196 /* ListViewController.swift */,
				9744336D28A27FB3000A4196 /* MainTabBarController.swift */,
				9744336F28A28013000A4196 /* PeopleViewController.swift */,
				9744336C28A27F7E000A4196 /* SignIn&Auth */,
				9744334D28A21F75000A4196 /* Core */,
				9744334B28A21CD1000A4196 /* Resources */,
				9744334C28A21D07000A4196 /* Application */,
			);
			path = MessengerApp;
			sourceTree = "<group>";
		};
		9744334B28A21CD1000A4196 /* Resources */ = {
			isa = PBXGroup;
			children = (
				9744334028A215FB000A4196 /* Assets.xcassets */,
			);
			path = Resources;
			sourceTree = "<group>";
		};
		9744334C28A21D07000A4196 /* Application */ = {
			isa = PBXGroup;
			children = (
				9744333928A215FA000A4196 /* SceneDelegate.swift */,
				9744333728A215FA000A4196 /* AppDelegate.swift */,
				9744334228A215FB000A4196 /* LaunchScreen.storyboard */,
				9744334528A215FB000A4196 /* Info.plist */,
			);
			path = Application;
			sourceTree = "<group>";
		};
		9744334D28A21F75000A4196 /* Core */ = {
			isa = PBXGroup;
			children = (
				9744334E28A21F7B000A4196 /* Extensions */,
			);
			path = Core;
			sourceTree = "<group>";
		};
		9744334E28A21F7B000A4196 /* Extensions */ = {
			isa = PBXGroup;
			children = (
				9744336628A264B5000A4196 /* PhotoView.swift */,
				9744335928A22F1D000A4196 /* ButtonFormView.swift */,
				9744336028A23D49000A4196 /* OneLineTextField.swift */,
				9744335F28A23D21000A4196 /* UIKitExtensions */,
			);
			path = Extensions;
			sourceTree = "<group>";
		};
		9744335F28A23D21000A4196 /* UIKitExtensions */ = {
			isa = PBXGroup;
			children = (
				9744336828A26FCC000A4196 /* SegmentedControll+Extension.swift */,
				9744334F28A21F9A000A4196 /* UIButton+Extension.swift */,
				9744335328A223BB000A4196 /* UIColor+Extension.swift */,
				9744335B28A234EF000A4196 /* StackView+extension.swift */,
				9744335528A2268A000A4196 /* UILabel+Extension.swift */,
				9744335728A22774000A4196 /* UIImageView+Extension.swift */,
				9744335128A221DB000A4196 /* UIFont+Extension.swift */,
			);
			path = UIKitExtensions;
			sourceTree = "<group>";
		};
		9744336C28A27F7E000A4196 /* SignIn&Auth */ = {
			isa = PBXGroup;
			children = (
				9744333B28A215FA000A4196 /* AuthViewController.swift */,
				9744335D28A239D3000A4196 /* SignUpViewController.swift */,
				9744336228A25AC6000A4196 /* LoginViewController.swift */,
				9744336428A26295000A4196 /* SetUpProfileViewController.swift */,
			);
			path = "SignIn&Auth";
			sourceTree = "<group>";
		};
/* End PBXGroup section */

/* Begin PBXNativeTarget section */
		9744333328A215FA000A4196 /* MessengerApp */ = {
			isa = PBXNativeTarget;
			buildConfigurationList = 9744334828A215FB000A4196 /* Build configuration list for PBXNativeTarget "MessengerApp" */;
			buildPhases = (
				9744333028A215FA000A4196 /* Sources */,
				9744333128A215FA000A4196 /* Frameworks */,
				9744333228A215FA000A4196 /* Resources */,
			);
			buildRules = (
			);
			dependencies = (
			);
			name = MessengerApp;
			productName = MessengerApp;
			productReference = 9744333428A215FA000A4196 /* MessengerApp.app */;
			productType = "com.apple.product-type.application";
		};
/* End PBXNativeTarget section */

/* Begin PBXProject section */
		9744332C28A215FA000A4196 /* Project object */ = {
			isa = PBXProject;
			attributes = {
				BuildIndependentTargetsInParallel = 1;
				LastSwiftUpdateCheck = 1310;
				LastUpgradeCheck = 1310;
				TargetAttributes = {
					9744333328A215FA000A4196 = {
						CreatedOnToolsVersion = 13.1;
					};
				};
			};
			buildConfigurationList = 9744332F28A215FA000A4196 /* Build configuration list for PBXProject "MessengerApp" */;
			compatibilityVersion = "Xcode 13.0";
			developmentRegion = en;
			hasScannedForEncodings = 0;
			knownRegions = (
				en,
				Base,
			);
			mainGroup = 9744332B28A215FA000A4196;
			productRefGroup = 9744333528A215FA000A4196 /* Products */;
			projectDirPath = "";
			projectRoot = "";
			targets = (
				9744333328A215FA000A4196 /* MessengerApp */,
			);
		};
/* End PBXProject section */

/* Begin PBXResourcesBuildPhase section */
		9744333228A215FA000A4196 /* Resources */ = {
			isa = PBXResourcesBuildPhase;
			buildActionMask = 2147483647;
			files = (
				9744334428A215FB000A4196 /* LaunchScreen.storyboard in Resources */,
				9744334128A215FB000A4196 /* Assets.xcassets in Resources */,
			);
			runOnlyForDeploymentPostprocessing = 0;
		};
/* End PBXResourcesBuildPhase section */

/* Begin PBXSourcesBuildPhase section */
		9744333028A215FA000A4196 /* Sources */ = {
			isa = PBXSourcesBuildPhase;
			buildActionMask = 2147483647;
			files = (
				9744336B28A27B21000A4196 /* ListViewController.swift in Sources */,
				9744336128A23D49000A4196 /* OneLineTextField.swift in Sources */,
				9744336E28A27FB3000A4196 /* MainTabBarController.swift in Sources */,
				9744335E28A239D3000A4196 /* SignUpViewController.swift in Sources */,
				9744336528A26295000A4196 /* SetUpProfileViewController.swift in Sources */,
				9744337028A28013000A4196 /* PeopleViewController.swift in Sources */,
				9744336728A264B5000A4196 /* PhotoView.swift in Sources */,
				9744333C28A215FA000A4196 /* AuthViewController.swift in Sources */,
				9744335C28A234EF000A4196 /* StackView+extension.swift in Sources */,
				9744335028A21F9A000A4196 /* UIButton+Extension.swift in Sources */,
				9744336928A26FCC000A4196 /* SegmentedControll+Extension.swift in Sources */,
				9744335828A22774000A4196 /* UIImageView+Extension.swift in Sources */,
				9744335A28A22F1D000A4196 /* ButtonFormView.swift in Sources */,
				9744333828A215FA000A4196 /* AppDelegate.swift in Sources */,
				9744335628A2268A000A4196 /* UILabel+Extension.swift in Sources */,
				9744335428A223BB000A4196 /* UIColor+Extension.swift in Sources */,
				9744335228A221DB000A4196 /* UIFont+Extension.swift in Sources */,
				9744336328A25AC6000A4196 /* LoginViewController.swift in Sources */,
				9744333A28A215FA000A4196 /* SceneDelegate.swift in Sources */,
			);
			runOnlyForDeploymentPostprocessing = 0;
		};
/* End PBXSourcesBuildPhase section */

/* Begin PBXVariantGroup section */
		9744334228A215FB000A4196 /* LaunchScreen.storyboard */ = {
			isa = PBXVariantGroup;
			children = (
				9744334328A215FB000A4196 /* Base */,
			);
			name = LaunchScreen.storyboard;
			sourceTree = "<group>";
		};
/* End PBXVariantGroup section */

/* Begin XCBuildConfiguration section */
		9744334628A215FB000A4196 /* Debug */ = {
			isa = XCBuildConfiguration;
			buildSettings = {
				ALWAYS_SEARCH_USER_PATHS = NO;
				CLANG_ANALYZER_NONNULL = YES;
				CLANG_ANALYZER_NUMBER_OBJECT_CONVERSION = YES_AGGRESSIVE;
				CLANG_CXX_LANGUAGE_STANDARD = "gnu++17";
				CLANG_CXX_LIBRARY = "libc++";
				CLANG_ENABLE_MODULES = YES;
				CLANG_ENABLE_OBJC_ARC = YES;
				CLANG_ENABLE_OBJC_WEAK = YES;
				CLANG_WARN_BLOCK_CAPTURE_AUTORELEASING = YES;
				CLANG_WARN_BOOL_CONVERSION = YES;
				CLANG_WARN_COMMA = YES;
				CLANG_WARN_CONSTANT_CONVERSION = YES;
				CLANG_WARN_DEPRECATED_OBJC_IMPLEMENTATIONS = YES;
				CLANG_WARN_DIRECT_OBJC_ISA_USAGE = YES_ERROR;
				CLANG_WARN_DOCUMENTATION_COMMENTS = YES;
				CLANG_WARN_EMPTY_BODY = YES;
				CLANG_WARN_ENUM_CONVERSION = YES;
				CLANG_WARN_INFINITE_RECURSION = YES;
				CLANG_WARN_INT_CONVERSION = YES;
				CLANG_WARN_NON_LITERAL_NULL_CONVERSION = YES;
				CLANG_WARN_OBJC_IMPLICIT_RETAIN_SELF = YES;
				CLANG_WARN_OBJC_LITERAL_CONVERSION = YES;
				CLANG_WARN_OBJC_ROOT_CLASS = YES_ERROR;
				CLANG_WARN_QUOTED_INCLUDE_IN_FRAMEWORK_HEADER = YES;
				CLANG_WARN_RANGE_LOOP_ANALYSIS = YES;
				CLANG_WARN_STRICT_PROTOTYPES = YES;
				CLANG_WARN_SUSPICIOUS_MOVE = YES;
				CLANG_WARN_UNGUARDED_AVAILABILITY = YES_AGGRESSIVE;
				CLANG_WARN_UNREACHABLE_CODE = YES;
				CLANG_WARN__DUPLICATE_METHOD_MATCH = YES;
				COPY_PHASE_STRIP = NO;
				DEBUG_INFORMATION_FORMAT = dwarf;
				ENABLE_STRICT_OBJC_MSGSEND = YES;
				ENABLE_TESTABILITY = YES;
				GCC_C_LANGUAGE_STANDARD = gnu11;
				GCC_DYNAMIC_NO_PIC = NO;
				GCC_NO_COMMON_BLOCKS = YES;
				GCC_OPTIMIZATION_LEVEL = 0;
				GCC_PREPROCESSOR_DEFINITIONS = (
					"DEBUG=1",
					"$(inherited)",
				);
				GCC_WARN_64_TO_32_BIT_CONVERSION = YES;
				GCC_WARN_ABOUT_RETURN_TYPE = YES_ERROR;
				GCC_WARN_UNDECLARED_SELECTOR = YES;
				GCC_WARN_UNINITIALIZED_AUTOS = YES_AGGRESSIVE;
				GCC_WARN_UNUSED_FUNCTION = YES;
				GCC_WARN_UNUSED_VARIABLE = YES;
				IPHONEOS_DEPLOYMENT_TARGET = 13.0;
				MTL_ENABLE_DEBUG_INFO = INCLUDE_SOURCE;
				MTL_FAST_MATH = YES;
				ONLY_ACTIVE_ARCH = YES;
				SDKROOT = iphoneos;
				SWIFT_ACTIVE_COMPILATION_CONDITIONS = DEBUG;
				SWIFT_OPTIMIZATION_LEVEL = "-Onone";
			};
			name = Debug;
		};
		9744334728A215FB000A4196 /* Release */ = {
			isa = XCBuildConfiguration;
			buildSettings = {
				ALWAYS_SEARCH_USER_PATHS = NO;
				CLANG_ANALYZER_NONNULL = YES;
				CLANG_ANALYZER_NUMBER_OBJECT_CONVERSION = YES_AGGRESSIVE;
				CLANG_CXX_LANGUAGE_STANDARD = "gnu++17";
				CLANG_CXX_LIBRARY = "libc++";
				CLANG_ENABLE_MODULES = YES;
				CLANG_ENABLE_OBJC_ARC = YES;
				CLANG_ENABLE_OBJC_WEAK = YES;
				CLANG_WARN_BLOCK_CAPTURE_AUTORELEASING = YES;
				CLANG_WARN_BOOL_CONVERSION = YES;
				CLANG_WARN_COMMA = YES;
				CLANG_WARN_CONSTANT_CONVERSION = YES;
				CLANG_WARN_DEPRECATED_OBJC_IMPLEMENTATIONS = YES;
				CLANG_WARN_DIRECT_OBJC_ISA_USAGE = YES_ERROR;
				CLANG_WARN_DOCUMENTATION_COMMENTS = YES;
				CLANG_WARN_EMPTY_BODY = YES;
				CLANG_WARN_ENUM_CONVERSION = YES;
				CLANG_WARN_INFINITE_RECURSION = YES;
				CLANG_WARN_INT_CONVERSION = YES;
				CLANG_WARN_NON_LITERAL_NULL_CONVERSION = YES;
				CLANG_WARN_OBJC_IMPLICIT_RETAIN_SELF = YES;
				CLANG_WARN_OBJC_LITERAL_CONVERSION = YES;
				CLANG_WARN_OBJC_ROOT_CLASS = YES_ERROR;
				CLANG_WARN_QUOTED_INCLUDE_IN_FRAMEWORK_HEADER = YES;
				CLANG_WARN_RANGE_LOOP_ANALYSIS = YES;
				CLANG_WARN_STRICT_PROTOTYPES = YES;
				CLANG_WARN_SUSPICIOUS_MOVE = YES;
				CLANG_WARN_UNGUARDED_AVAILABILITY = YES_AGGRESSIVE;
				CLANG_WARN_UNREACHABLE_CODE = YES;
				CLANG_WARN__DUPLICATE_METHOD_MATCH = YES;
				COPY_PHASE_STRIP = NO;
				DEBUG_INFORMATION_FORMAT = "dwarf-with-dsym";
				ENABLE_NS_ASSERTIONS = NO;
				ENABLE_STRICT_OBJC_MSGSEND = YES;
				GCC_C_LANGUAGE_STANDARD = gnu11;
				GCC_NO_COMMON_BLOCKS = YES;
				GCC_WARN_64_TO_32_BIT_CONVERSION = YES;
				GCC_WARN_ABOUT_RETURN_TYPE = YES_ERROR;
				GCC_WARN_UNDECLARED_SELECTOR = YES;
				GCC_WARN_UNINITIALIZED_AUTOS = YES_AGGRESSIVE;
				GCC_WARN_UNUSED_FUNCTION = YES;
				GCC_WARN_UNUSED_VARIABLE = YES;
				IPHONEOS_DEPLOYMENT_TARGET = 13.0;
				MTL_ENABLE_DEBUG_INFO = NO;
				MTL_FAST_MATH = YES;
				SDKROOT = iphoneos;
				SWIFT_COMPILATION_MODE = wholemodule;
				SWIFT_OPTIMIZATION_LEVEL = "-O";
				VALIDATE_PRODUCT = YES;
			};
			name = Release;
		};
		9744334928A215FB000A4196 /* Debug */ = {
			isa = XCBuildConfiguration;
			buildSettings = {
				ASSETCATALOG_COMPILER_APPICON_NAME = AppIcon;
				ASSETCATALOG_COMPILER_GLOBAL_ACCENT_COLOR_NAME = AccentColor;
				CODE_SIGN_STYLE = Automatic;
				CURRENT_PROJECT_VERSION = 1;
				DEVELOPMENT_TEAM = A3U43FT35S;
				GENERATE_INFOPLIST_FILE = YES;
				INFOPLIST_FILE = MessengerApp/Application/Info.plist;
				INFOPLIST_KEY_UIApplicationSupportsIndirectInputEvents = YES;
				INFOPLIST_KEY_UILaunchStoryboardName = LaunchScreen;
				INFOPLIST_KEY_UISupportedInterfaceOrientations_iPad = "UIInterfaceOrientationPortrait UIInterfaceOrientationPortraitUpsideDown UIInterfaceOrientationLandscapeLeft UIInterfaceOrientationLandscapeRight";
				INFOPLIST_KEY_UISupportedInterfaceOrientations_iPhone = "UIInterfaceOrientationPortrait UIInterfaceOrientationLandscapeLeft UIInterfaceOrientationLandscapeRight";
				IPHONEOS_DEPLOYMENT_TARGET = 13.0;
				LD_RUNPATH_SEARCH_PATHS = (
					"$(inherited)",
					"@executable_path/Frameworks",
				);
				MARKETING_VERSION = 1.0;
				PRODUCT_BUNDLE_IDENTIFIER = iOSMessengerApp.MessengerApp;
				PRODUCT_NAME = "$(TARGET_NAME)";
				SWIFT_EMIT_LOC_STRINGS = YES;
				SWIFT_VERSION = 5.0;
				TARGETED_DEVICE_FAMILY = 1;
			};
			name = Debug;
		};
		9744334A28A215FB000A4196 /* Release */ = {
			isa = XCBuildConfiguration;
			buildSettings = {
				ASSETCATALOG_COMPILER_APPICON_NAME = AppIcon;
				ASSETCATALOG_COMPILER_GLOBAL_ACCENT_COLOR_NAME = AccentColor;
				CODE_SIGN_STYLE = Automatic;
				CURRENT_PROJECT_VERSION = 1;
				DEVELOPMENT_TEAM = A3U43FT35S;
				GENERATE_INFOPLIST_FILE = YES;
				INFOPLIST_FILE = MessengerApp/Application/Info.plist;
				INFOPLIST_KEY_UIApplicationSupportsIndirectInputEvents = YES;
				INFOPLIST_KEY_UILaunchStoryboardName = LaunchScreen;
				INFOPLIST_KEY_UISupportedInterfaceOrientations_iPad = "UIInterfaceOrientationPortrait UIInterfaceOrientationPortraitUpsideDown UIInterfaceOrientationLandscapeLeft UIInterfaceOrientationLandscapeRight";
				INFOPLIST_KEY_UISupportedInterfaceOrientations_iPhone = "UIInterfaceOrientationPortrait UIInterfaceOrientationLandscapeLeft UIInterfaceOrientationLandscapeRight";
				IPHONEOS_DEPLOYMENT_TARGET = 13.0;
				LD_RUNPATH_SEARCH_PATHS = (
					"$(inherited)",
					"@executable_path/Frameworks",
				);
				MARKETING_VERSION = 1.0;
				PRODUCT_BUNDLE_IDENTIFIER = iOSMessengerApp.MessengerApp;
				PRODUCT_NAME = "$(TARGET_NAME)";
				SWIFT_EMIT_LOC_STRINGS = YES;
				SWIFT_VERSION = 5.0;
				TARGETED_DEVICE_FAMILY = 1;
			};
			name = Release;
		};
/* End XCBuildConfiguration section */

/* Begin XCConfigurationList section */
		9744332F28A215FA000A4196 /* Build configuration list for PBXProject "MessengerApp" */ = {
			isa = XCConfigurationList;
			buildConfigurations = (
				9744334628A215FB000A4196 /* Debug */,
				9744334728A215FB000A4196 /* Release */,
			);
			defaultConfigurationIsVisible = 0;
			defaultConfigurationName = Release;
		};
		9744334828A215FB000A4196 /* Build configuration list for PBXNativeTarget "MessengerApp" */ = {
			isa = XCConfigurationList;
			buildConfigurations = (
				9744334928A215FB000A4196 /* Debug */,
				9744334A28A215FB000A4196 /* Release */,
			);
			defaultConfigurationIsVisible = 0;
			defaultConfigurationName = Release;
		};
/* End XCConfigurationList section */
	};
	rootObject = 9744332C28A215FA000A4196 /* Project object */;
}
